
Microsoft Visual Studio Solution File, Format Version 12.00
# Visual Studio Version 17
VisualStudioVersion = 17.0.31903.59
MinimumVisualStudioVersion = 10.0.40219.1
Project("{2150E333-8FDC-42A3-9474-1A3956D46DE8}") = "src", "src", "{827E0CD3-B72D-47B6-A68D-7590B98EB39B}"
EndProject
Project("{FAE04EC0-301F-11D3-BF4B-00C04F79EFBC}") = "EVoting.Domain", "src\EVoting.Domain\EVoting.Domain.csproj", "{38CC3AAD-6D20-4BB0-8D8A-BEB2A865F3E8}"
EndProject
Project("{FAE04EC0-301F-11D3-BF4B-00C04F79EFBC}") = "EVoting.Application", "src\EVoting.Application\EVoting.Application.csproj", "{9A2CB01B-187A-43FC-9E78-6F69507A3DAE}"
EndProject
Project("{FAE04EC0-301F-11D3-BF4B-00C04F79EFBC}") = "EVoting.Infrastructure", "src\EVoting.Infrastructure\EVoting.Infrastructure.csproj", "{E961ACF6-7DA1-4CB9-9863-964829FD3DDC}"
EndProject
Project("{FAE04EC0-301F-11D3-BF4B-00C04F79EFBC}") = "EVoting.API", "src\EVoting.API\EVoting.API.csproj", "{E6DB8F1C-C8B1-4A46-92F3-EE16BE620D59}"
EndProject
Project("{FAE04EC0-301F-11D3-BF4B-00C04F79EFBC}") = "EVoting.UnitTests", "tests\EVoting.UnitTests\EVoting.UnitTests.csproj", "{FF4B20FD-A595-4BA0-BAD6-6EC370DF65C0}"
EndProject
Project("{FAE04EC0-301F-11D3-BF4B-00C04F79EFBC}") = "EVoting.IntegrationTests", "tests\EVoting.IntegrationTests\EVoting.IntegrationTests.csproj", "{DCB39DB6-4094-4AAA-B5E8-3E78E0E27839}"
EndProject
Global
	GlobalSection(SolutionConfigurationPlatforms) = preSolution
		Debug|Any CPU = Debug|Any CPU
		Debug|x64 = Debug|x64
		Debug|x86 = Debug|x86
		Release|Any CPU = Release|Any CPU
		Release|x64 = Release|x64
		Release|x86 = Release|x86
	EndGlobalSection
	GlobalSection(ProjectConfigurationPlatforms) = postSolution
		{38CC3AAD-6D20-4BB0-8D8A-BEB2A865F3E8}.Debug|Any CPU.ActiveCfg = Debug|Any CPU
		{38CC3AAD-6D20-4BB0-8D8A-BEB2A865F3E8}.Debug|Any CPU.Build.0 = Debug|Any CPU
		{38CC3AAD-6D20-4BB0-8D8A-BEB2A865F3E8}.Debug|x64.ActiveCfg = Debug|Any CPU
		{38CC3AAD-6D20-4BB0-8D8A-BEB2A865F3E8}.Debug|x64.Build.0 = Debug|Any CPU
		{38CC3AAD-6D20-4BB0-8D8A-BEB2A865F3E8}.Debug|x86.ActiveCfg = Debug|Any CPU
		{38CC3AAD-6D20-4BB0-8D8A-BEB2A865F3E8}.Debug|x86.Build.0 = Debug|Any CPU
		{38CC3AAD-6D20-4BB0-8D8A-BEB2A865F3E8}.Release|Any CPU.ActiveCfg = Release|Any CPU
		{38CC3AAD-6D20-4BB0-8D8A-BEB2A865F3E8}.Release|Any CPU.Build.0 = Release|Any CPU
		{38CC3AAD-6D20-4BB0-8D8A-BEB2A865F3E8}.Release|x64.ActiveCfg = Release|Any CPU
		{38CC3AAD-6D20-4BB0-8D8A-BEB2A865F3E8}.Release|x64.Build.0 = Release|Any CPU
		{38CC3AAD-6D20-4BB0-8D8A-BEB2A865F3E8}.Release|x86.ActiveCfg = Release|Any CPU
		{38CC3AAD-6D20-4BB0-8D8A-BEB2A865F3E8}.Release|x86.Build.0 = Release|Any CPU
		{9A2CB01B-187A-43FC-9E78-6F69507A3DAE}.Debug|Any CPU.ActiveCfg = Debug|Any CPU
		{9A2CB01B-187A-43FC-9E78-6F69507A3DAE}.Debug|Any CPU.Build.0 = Debug|Any CPU
		{9A2CB01B-187A-43FC-9E78-6F69507A3DAE}.Debug|x64.ActiveCfg = Debug|Any CPU
		{9A2CB01B-187A-43FC-9E78-6F69507A3DAE}.Debug|x64.Build.0 = Debug|Any CPU
		{9A2CB01B-187A-43FC-9E78-6F69507A3DAE}.Debug|x86.ActiveCfg = Debug|Any CPU
		{9A2CB01B-187A-43FC-9E78-6F69507A3DAE}.Debug|x86.Build.0 = Debug|Any CPU
		{9A2CB01B-187A-43FC-9E78-6F69507A3DAE}.Release|Any CPU.ActiveCfg = Release|Any CPU
		{9A2CB01B-187A-43FC-9E78-6F69507A3DAE}.Release|Any CPU.Build.0 = Release|Any CPU
		{9A2CB01B-187A-43FC-9E78-6F69507A3DAE}.Release|x64.ActiveCfg = Release|Any CPU
		{9A2CB01B-187A-43FC-9E78-6F69507A3DAE}.Release|x64.Build.0 = Release|Any CPU
		{9A2CB01B-187A-43FC-9E78-6F69507A3DAE}.Release|x86.ActiveCfg = Release|Any CPU
		{9A2CB01B-187A-43FC-9E78-6F69507A3DAE}.Release|x86.Build.0 = Release|Any CPU
		{E961ACF6-7DA1-4CB9-9863-964829FD3DDC}.Debug|Any CPU.ActiveCfg = Debug|Any CPU
		{E961ACF6-7DA1-4CB9-9863-964829FD3DDC}.Debug|Any CPU.Build.0 = Debug|Any CPU
		{E961ACF6-7DA1-4CB9-9863-964829FD3DDC}.Debug|x64.ActiveCfg = Debug|Any CPU
		{E961ACF6-7DA1-4CB9-9863-964829FD3DDC}.Debug|x64.Build.0 = Debug|Any CPU
		{E961ACF6-7DA1-4CB9-9863-964829FD3DDC}.Debug|x86.ActiveCfg = Debug|Any CPU
		{E961ACF6-7DA1-4CB9-9863-964829FD3DDC}.Debug|x86.Build.0 = Debug|Any CPU
		{E961ACF6-7DA1-4CB9-9863-964829FD3DDC}.Release|Any CPU.ActiveCfg = Release|Any CPU
		{E961ACF6-7DA1-4CB9-9863-964829FD3DDC}.Release|Any CPU.Build.0 = Release|Any CPU
		{E961ACF6-7DA1-4CB9-9863-964829FD3DDC}.Release|x64.ActiveCfg = Release|Any CPU
		{E961ACF6-7DA1-4CB9-9863-964829FD3DDC}.Release|x64.Build.0 = Release|Any CPU
		{E961ACF6-7DA1-4CB9-9863-964829FD3DDC}.Release|x86.ActiveCfg = Release|Any CPU
		{E961ACF6-7DA1-4CB9-9863-964829FD3DDC}.Release|x86.Build.0 = Release|Any CPU
		{E6DB8F1C-C8B1-4A46-92F3-EE16BE620D59}.Debug|Any CPU.ActiveCfg = Debug|Any CPU
		{E6DB8F1C-C8B1-4A46-92F3-EE16BE620D59}.Debug|Any CPU.Build.0 = Debug|Any CPU
		{E6DB8F1C-C8B1-4A46-92F3-EE16BE620D59}.Debug|x64.ActiveCfg = Debug|Any CPU
		{E6DB8F1C-C8B1-4A46-92F3-EE16BE620D59}.Debug|x64.Build.0 = Debug|Any CPU
		{E6DB8F1C-C8B1-4A46-92F3-EE16BE620D59}.Debug|x86.ActiveCfg = Debug|Any CPU
		{E6DB8F1C-C8B1-4A46-92F3-EE16BE620D59}.Debug|x86.Build.0 = Debug|Any CPU
		{E6DB8F1C-C8B1-4A46-92F3-EE16BE620D59}.Release|Any CPU.ActiveCfg = Release|Any CPU
		{E6DB8F1C-C8B1-4A46-92F3-EE16BE620D59}.Release|Any CPU.Build.0 = Release|Any CPU
		{E6DB8F1C-C8B1-4A46-92F3-EE16BE620D59}.Release|x64.ActiveCfg = Release|Any CPU
		{E6DB8F1C-C8B1-4A46-92F3-EE16BE620D59}.Release|x64.Build.0 = Release|Any CPU
		{E6DB8F1C-C8B1-4A46-92F3-EE16BE620D59}.Release|x86.ActiveCfg = Release|Any CPU
		{E6DB8F1C-C8B1-4A46-92F3-EE16BE620D59}.Release|x86.Build.0 = Release|Any CPU
		{FF4B20FD-A595-4BA0-BAD6-6EC370DF65C0}.Debug|Any CPU.ActiveCfg = Debug|Any CPU
		{FF4B20FD-A595-4BA0-BAD6-6EC370DF65C0}.Debug|Any CPU.Build.0 = Debug|Any CPU
		{FF4B20FD-A595-4BA0-BAD6-6EC370DF65C0}.Debug|x64.ActiveCfg = Debug|Any CPU
		{FF4B20FD-A595-4BA0-BAD6-6EC370DF65C0}.Debug|x64.Build.0 = Debug|Any CPU
		{FF4B20FD-A595-4BA0-BAD6-6EC370DF65C0}.Debug|x86.ActiveCfg = Debug|Any CPU
		{FF4B20FD-A595-4BA0-BAD6-6EC370DF65C0}.Debug|x86.Build.0 = Debug|Any CPU
		{FF4B20FD-A595-4BA0-BAD6-6EC370DF65C0}.Release|Any CPU.ActiveCfg = Release|Any CPU
		{FF4B20FD-A595-4BA0-BAD6-6EC370DF65C0}.Release|Any CPU.Build.0 = Release|Any CPU
		{FF4B20FD-A595-4BA0-BAD6-6EC370DF65C0}.Release|x64.ActiveCfg = Release|Any CPU
		{FF4B20FD-A595-4BA0-BAD6-6EC370DF65C0}.Release|x64.Build.0 = Release|Any CPU
		{FF4B20FD-A595-4BA0-BAD6-6EC370DF65C0}.Release|x86.ActiveCfg = Release|Any CPU
		{FF4B20FD-A595-4BA0-BAD6-6EC370DF65C0}.Release|x86.Build.0 = Release|Any CPU
		{DCB39DB6-4094-4AAA-B5E8-3E78E0E27839}.Debug|Any CPU.ActiveCfg = Debug|Any CPU
		{DCB39DB6-4094-4AAA-B5E8-3E78E0E27839}.Debug|Any CPU.Build.0 = Debug|Any CPU
		{DCB39DB6-4094-4AAA-B5E8-3E78E0E27839}.Debug|x64.ActiveCfg = Debug|Any CPU
		{DCB39DB6-4094-4AAA-B5E8-3E78E0E27839}.Debug|x64.Build.0 = Debug|Any CPU
		{DCB39DB6-4094-4AAA-B5E8-3E78E0E27839}.Debug|x86.ActiveCfg = Debug|Any CPU
		{DCB39DB6-4094-4AAA-B5E8-3E78E0E27839}.Debug|x86.Build.0 = Debug|Any CPU
		{DCB39DB6-4094-4AAA-B5E8-3E78E0E27839}.Release|Any CPU.ActiveCfg = Release|Any CPU
		{DCB39DB6-4094-4AAA-B5E8-3E78E0E27839}.Release|Any CPU.Build.0 = Release|Any CPU
		{DCB39DB6-4094-4AAA-B5E8-3E78E0E27839}.Release|x64.ActiveCfg = Release|Any CPU
		{DCB39DB6-4094-4AAA-B5E8-3E78E0E27839}.Release|x64.Build.0 = Release|Any CPU
		{DCB39DB6-4094-4AAA-B5E8-3E78E0E27839}.Release|x86.ActiveCfg = Release|Any CPU
		{DCB39DB6-4094-4AAA-B5E8-3E78E0E27839}.Release|x86.Build.0 = Release|Any CPU
	EndGlobalSection
	GlobalSection(SolutionProperties) = preSolution
		HideSolutionNode = FALSE
	EndGlobalSection
	GlobalSection(NestedProjects) = preSolution
		{38CC3AAD-6D20-4BB0-8D8A-BEB2A865F3E8} = {827E0CD3-B72D-47B6-A68D-7590B98EB39B}
		{9A2CB01B-187A-43FC-9E78-6F69507A3DAE} = {827E0CD3-B72D-47B6-A68D-7590B98EB39B}
		{E961ACF6-7DA1-4CB9-9863-964829FD3DDC} = {827E0CD3-B72D-47B6-A68D-7590B98EB39B}
		{E6DB8F1C-C8B1-4A46-92F3-EE16BE620D59} = {827E0CD3-B72D-47B6-A68D-7590B98EB39B}
		{FF4B20FD-A595-4BA0-BAD6-6EC370DF65C0} = {827E0CD3-B72D-47B6-A68D-7590B98EB39B}
		{DCB39DB6-4094-4AAA-B5E8-3E78E0E27839} = {827E0CD3-B72D-47B6-A68D-7590B98EB39B}
	EndGlobalSection
EndGlobal
